
Microsoft Visual Studio Solution File, Format Version 12.00
# Visual Studio Version 17
VisualStudioVersion = 17.8.34408.163
MinimumVisualStudioVersion = 10.0.40219.1
Project("{8BC9CEB8-8B4A-11D0-8D11-00A0C91BC942}") = "Notefall", "Notefall.vcxproj", "{CBE2E178-76A7-45A6-ACBC-37B033D33B16}"
EndProject
Global
	GlobalSection(SolutionConfigurationPlatforms) = preSolution
		Debug Unicode|x64 = Debug Unicode|x64
		Debug Unicode|x86 = Debug Unicode|x86
		Debug|x64 = Debug|x64
		Debug|x86 = Debug|x86
		Release Unicode|x64 = Release Unicode|x64
		Release Unicode|x86 = Release Unicode|x86
		Release|x64 = Release|x64
		Release|x86 = Release|x86
	EndGlobalSection
	GlobalSection(ProjectConfigurationPlatforms) = postSolution
		{CBE2E178-76A7-45A6-ACBC-37B033D33B16}.Debug Unicode|x64.ActiveCfg = Debug|x64
		{CBE2E178-76A7-45A6-ACBC-37B033D33B16}.Debug Unicode|x64.Build.0 = Debug|x64
		{CBE2E178-76A7-45A6-ACBC-37B033D33B16}.Debug Unicode|x86.ActiveCfg = Debug|Win32
		{CBE2E178-76A7-45A6-ACBC-37B033D33B16}.Debug Unicode|x86.Build.0 = Debug|Win32
		{CBE2E178-76A7-45A6-ACBC-37B033D33B16}.Debug|x64.ActiveCfg = Debug|x64
		{CBE2E178-76A7-45A6-ACBC-37B033D33B16}.Debug|x64.Build.0 = Debug|x64
		{CBE2E178-76A7-45A6-ACBC-37B033D33B16}.Debug|x86.ActiveCfg = Debug|Win32
		{CBE2E178-76A7-45A6-ACBC-37B033D33B16}.Debug|x86.Build.0 = Debug|Win32
		{CBE2E178-76A7-45A6-ACBC-37B033D33B16}.Release Unicode|x64.ActiveCfg = Release|x64
		{CBE2E178-76A7-45A6-ACBC-37B033D33B16}.Release Unicode|x64.Build.0 = Release|x64
		{CBE2E178-76A7-45A6-ACBC-37B033D33B16}.Release Unicode|x86.ActiveCfg = Release|Win32
		{CBE2E178-76A7-45A6-ACBC-37B033D33B16}.Release Unicode|x86.Build.0 = Release|Win32
		{CBE2E178-76A7-45A6-ACBC-37B033D33B16}.Release|x64.ActiveCfg = Release|x64
		{CBE2E178-76A7-45A6-ACBC-37B033D33B16}.Release|x64.Build.0 = Release|x64
		{CBE2E178-76A7-45A6-ACBC-37B033D33B16}.Release|x86.ActiveCfg = Release|Win32
		{CBE2E178-76A7-45A6-ACBC-37B033D33B16}.Release|x86.Build.0 = Release|Win32
	EndGlobalSection
	GlobalSection(SolutionProperties) = preSolution
		HideSolutionNode = FALSE
	EndGlobalSection
	GlobalSection(ExtensibilityGlobals) = postSolution
		SolutionGuid = {FC7B345B-9497-4FB4-BC3A-4475AB15983C}
	EndGlobalSection
EndGlobal
